<Solution>
  <Project Path="TheKrystalShip.Llm.Tests/TheKrystalShip.Llm.Tests.csproj" />
  <Project Path="TheKrystalShip.Llm/TheKrystalShip.Llm.csproj" />
  <Project Path="TheKrystalShip.Rag/TheKrystalShip.Rag.csproj" />
  <Project Path="TheKrystalShip.Rag.Tests/TheKrystalShip.Rag.Tests.csproj" />
  <Project Path="TheKrystalShip.Rag.Indexer/TheKrystalShip.Rag.Indexer.csproj" />
  <Project Path="TheKrystalShip.Rag.Indexer.Tests/TheKrystalShip.Rag.Indexer.Tests.csproj" />
  <Project Path="TheKrystalShip.Kgsm.Assistant/TheKrystalShip.Kgsm.Assistant.csproj" />
  <Project Path="TheKrystalShip.Kgsm.Assistant.Relay/TheKrystalShip.Kgsm.Assistant.Relay.csproj" />
  <Project Path="TheKrystalShip.Kgsm.Assistant.Infrastructure/TheKrystalShip.Kgsm.Assistant.Infrastructure.csproj" />
  <Project Path="TheKrystalShip.Kgsm.Assistant.Tests/TheKrystalShip.Kgsm.Assistant.Tests.csproj" />
  <Project Path="TheKrystalShip.Kgsm.Assistant.Infrastructure.Tests/TheKrystalShip.Kgsm.Assistant.Infrastructure.Tests.csproj" />
  <Project Path="TheKrystalShip.Kgsm.Assistant.Cli/TheKrystalShip.Kgsm.Assistant.Cli.csproj" />
  <Project Path="TheKrystalShip.Kgsm.Assistant.Cli.Tests/TheKrystalShip.Kgsm.Assistant.Cli.Tests.csproj" />
  <Project Path="TheKrystalShip.Kgsm.Assistant.Eval/TheKrystalShip.Kgsm.Assistant.Eval.csproj" />
  <Project Path="TheKrystalShip.Kgsm.Assistant.Eval.Tests/TheKrystalShip.Kgsm.Assistant.Eval.Tests.csproj" />
  <Project Path="TheKrystalShip.Kgsm.Assistant.Service/TheKrystalShip.Kgsm.Assistant.Service.csproj" />
  <Project Path="TheKrystalShip.Kgsm.Assistant.Service.Tests/TheKrystalShip.Kgsm.Assistant.Service.Tests.csproj" />
</Solution>
